
Microsoft Visual Studio Solution File, Format Version 12.00
# Visual Studio Version 16
VisualStudioVersion = 16.0.29020.237
MinimumVisualStudioVersion = 10.0.40219.1
Project("{8BC9CEB8-8B4A-11D0-8D11-00A0C91BC942}") = "BinaryFiles9_24", "BinaryFiles9_24.vcxproj", "{42F78F3E-D3C9-4D38-8B25-78076D57053B}"
EndProject
Global
	GlobalSection(SolutionConfigurationPlatforms) = preSolution
		Debug|x64 = Debug|x64
		Debug|x86 = Debug|x86
		Release|x64 = Release|x64
		Release|x86 = Release|x86
	EndGlobalSection
	GlobalSection(ProjectConfigurationPlatforms) = postSolution
		{42F78F3E-D3C9-4D38-8B25-78076D57053B}.Debug|x64.ActiveCfg = Debug|x64
		{42F78F3E-D3C9-4D38-8B25-78076D57053B}.Debug|x64.Build.0 = Debug|x64
		{42F78F3E-D3C9-4D38-8B25-78076D57053B}.Debug|x86.ActiveCfg = Debug|Win32
		{42F78F3E-D3C9-4D38-8B25-78076D57053B}.Debug|x86.Build.0 = Debug|Win32
		{42F78F3E-D3C9-4D38-8B25-78076D57053B}.Release|x64.ActiveCfg = Release|x64
		{42F78F3E-D3C9-4D38-8B25-78076D57053B}.Release|x64.Build.0 = Release|x64
		{42F78F3E-D3C9-4D38-8B25-78076D57053B}.Release|x86.ActiveCfg = Release|Win32
		{42F78F3E-D3C9-4D38-8B25-78076D57053B}.Release|x86.Build.0 = Release|Win32
	EndGlobalSection
	GlobalSection(SolutionProperties) = preSolution
		HideSolutionNode = FALSE
	EndGlobalSection
	GlobalSection(ExtensibilityGlobals) = postSolution
		SolutionGuid = {E1D714E8-72B2-43A7-8C48-1568CFBDC00C}
	EndGlobalSection
EndGlobal
